// !$*UTF8*$!
{
	archiveVersion = 1;
	classes = {
	};
	objectVersion = 50;
	objects = {

/* Begin PBXBuildFile section */
		9316387523934DC40096A9C0 /* ViewController+UIPickerViewDelegate.swift in Sources */ = {isa = PBXBuildFile; fileRef = 9316387423934DC40096A9C0 /* ViewController+UIPickerViewDelegate.swift */; };
		9316387723934DD40096A9C0 /* ViewController+UIPickerViewDataSource.swift in Sources */ = {isa = PBXBuildFile; fileRef = 9316387623934DD40096A9C0 /* ViewController+UIPickerViewDataSource.swift */; };
		93BA14E1238237A4001ECE7A /* AppDelegate.swift in Sources */ = {isa = PBXBuildFile; fileRef = 93BA14E0238237A4001ECE7A /* AppDelegate.swift */; };
		93BA14E3238237A4001ECE7A /* SceneDelegate.swift in Sources */ = {isa = PBXBuildFile; fileRef = 93BA14E2238237A4001ECE7A /* SceneDelegate.swift */; };
		93BA14E5238237A4001ECE7A /* ViewController.swift in Sources */ = {isa = PBXBuildFile; fileRef = 93BA14E4238237A4001ECE7A /* ViewController.swift */; };
		93BA14E8238237A4001ECE7A /* Main.storyboard in Resources */ = {isa = PBXBuildFile; fileRef = 93BA14E6238237A4001ECE7A /* Main.storyboard */; };
		93BA14EA238237A5001ECE7A /* Assets.xcassets in Resources */ = {isa = PBXBuildFile; fileRef = 93BA14E9238237A5001ECE7A /* Assets.xcassets */; };
		93BA14ED238237A5001ECE7A /* LaunchScreen.storyboard in Resources */ = {isa = PBXBuildFile; fileRef = 93BA14EB238237A5001ECE7A /* LaunchScreen.storyboard */; };
/* End PBXBuildFile section */

/* Begin PBXFileReference section */
		9316387423934DC40096A9C0 /* ViewController+UIPickerViewDelegate.swift */ = {isa = PBXFileReference; lastKnownFileType = sourcecode.swift; path = "ViewController+UIPickerViewDelegate.swift"; sourceTree = "<group>"; };
		9316387623934DD40096A9C0 /* ViewController+UIPickerViewDataSource.swift */ = {isa = PBXFileReference; lastKnownFileType = sourcecode.swift; path = "ViewController+UIPickerViewDataSource.swift"; sourceTree = "<group>"; };
		93BA14DD238237A4001ECE7A /* UIPickerViewTutorial.app */ = {isa = PBXFileReference; explicitFileType = wrapper.application; includeInIndex = 0; path = UIPickerViewTutorial.app; sourceTree = BUILT_PRODUCTS_DIR; };
		93BA14E0238237A4001ECE7A /* AppDelegate.swift */ = {isa = PBXFileReference; lastKnownFileType = sourcecode.swift; path = AppDelegate.swift; sourceTree = "<group>"; };
		93BA14E2238237A4001ECE7A /* SceneDelegate.swift */ = {isa = PBXFileReference; lastKnownFileType = sourcecode.swift; path = SceneDelegate.swift; sourceTree = "<group>"; };
		93BA14E4238237A4001ECE7A /* ViewController.swift */ = {isa = PBXFileReference; lastKnownFileType = sourcecode.swift; path = ViewController.swift; sourceTree = "<group>"; };
		93BA14E7238237A4001ECE7A /* Base */ = {isa = PBXFileReference; lastKnownFileType = file.storyboard; name = Base; path = Base.lproj/Main.storyboard; sourceTree = "<group>"; };
		93BA14E9238237A5001ECE7A /* Assets.xcassets */ = {isa = PBXFileReference; lastKnownFileType = folder.assetcatalog; path = Assets.xcassets; sourceTree = "<group>"; };
		93BA14EC238237A5001ECE7A /* Base */ = {isa = PBXFileReference; lastKnownFileType = file.storyboard; name = Base; path = Base.lproj/LaunchScreen.storyboard; sourceTree = "<group>"; };
		93BA14EE238237A5001ECE7A /* Info.plist */ = {isa = PBXFileReference; lastKnownFileType = text.plist.xml; path = Info.plist; sourceTree = "<group>"; };
/* End PBXFileReference section */

/* Begin PBXFrameworksBuildPhase section */
		93BA14DA238237A4001ECE7A /* Frameworks */ = {
			isa = PBXFrameworksBuildPhase;
			buildActionMask = 2147483647;
			files = (
			);
			runOnlyForDeploymentPostprocessing = 0;
		};
/* End PBXFrameworksBuildPhase section */

/* Begin PBXGroup section */
		93BA14D4238237A4001ECE7A = {
			isa = PBXGroup;
			children = (
				93BA14DF238237A4001ECE7A /* UIPickerViewTutorial */,
				93BA14DE238237A4001ECE7A /* Products */,
			);
			sourceTree = "<group>";
		};
		93BA14DE238237A4001ECE7A /* Products */ = {
			isa = PBXGroup;
			children = (
				93BA14DD238237A4001ECE7A /* UIPickerViewTutorial.app */,
			);
			name = Products;
			sourceTree = "<group>";
		};
		93BA14DF238237A4001ECE7A /* UIPickerViewTutorial */ = {
			isa = PBXGroup;
			children = (
				93BA14E0238237A4001ECE7A /* AppDelegate.swift */,
				93BA14E2238237A4001ECE7A /* SceneDelegate.swift */,
				93BA14E4238237A4001ECE7A /* ViewController.swift */,
				93BA14E6238237A4001ECE7A /* Main.storyboard */,
				93BA14E9238237A5001ECE7A /* Assets.xcassets */,
				93BA14EB238237A5001ECE7A /* LaunchScreen.storyboard */,
				93BA14EE238237A5001ECE7A /* Info.plist */,
				9316387423934DC40096A9C0 /* ViewController+UIPickerViewDelegate.swift */,
				9316387623934DD40096A9C0 /* ViewController+UIPickerViewDataSource.swift */,
			);
			path = UIPickerViewTutorial;
			sourceTree = "<group>";
		};
/* End PBXGroup section */

/* Begin PBXNativeTarget section */
		93BA14DC238237A4001ECE7A /* UIPickerViewTutorial */ = {
			isa = PBXNativeTarget;
			buildConfigurationList = 93BA14F1238237A5001ECE7A /* Build configuration list for PBXNativeTarget "UIPickerViewTutorial" */;
			buildPhases = (
				93BA14D9238237A4001ECE7A /* Sources */,
				93BA14DA238237A4001ECE7A /* Frameworks */,
				93BA14DB238237A4001ECE7A /* Resources */,
			);
			buildRules = (
			);
			dependencies = (
			);
			name = UIPickerViewTutorial;
			productName = UIPickerViewTutorial;
			productReference = 93BA14DD238237A4001ECE7A /* UIPickerViewTutorial.app */;
			productType = "com.apple.product-type.application";
		};
/* End PBXNativeTarget section */

/* Begin PBXProject section */
		93BA14D5238237A4001ECE7A /* Project object */ = {
			isa = PBXProject;
			attributes = {
				LastSwiftUpdateCheck = 1120;
				LastUpgradeCheck = 1120;
				ORGANIZATIONNAME = Unknown;
				TargetAttributes = {
					93BA14DC238237A4001ECE7A = {
						CreatedOnToolsVersion = 11.2.1;
					};
				};
			};
			buildConfigurationList = 93BA14D8238237A4001ECE7A /* Build configuration list for PBXProject "UIPickerViewTutorial" */;
			compatibilityVersion = "Xcode 9.3";
			developmentRegion = en;
			hasScannedForEncodings = 0;
			knownRegions = (
				en,
				Base,
			);
			mainGroup = 93BA14D4238237A4001ECE7A;
			productRefGroup = 93BA14DE238237A4001ECE7A /* Products */;
			projectDirPath = "";
			projectRoot = "";
			targets = (
				93BA14DC238237A4001ECE7A /* UIPickerViewTutorial */,
			);
		};
/* End PBXProject section */

/* Begin PBXResourcesBuildPhase section */
		93BA14DB238237A4001ECE7A /* Resources */ = {
			isa = PBXResourcesBuildPhase;
			buildActionMask = 2147483647;
			files = (
				93BA14ED238237A5001ECE7A /* LaunchScreen.storyboard in Resources */,
				93BA14EA238237A5001ECE7A /* Assets.xcassets in Resources */,
				93BA14E8238237A4001ECE7A /* Main.storyboard in Resources */,
			);
			runOnlyForDeploymentPostprocessing = 0;
		};
/* End PBXResourcesBuildPhase section */

/* Begin PBXSourcesBuildPhase section */
		93BA14D9238237A4001ECE7A /* Sources */ = {
			isa = PBXSourcesBuildPhase;
			buildActionMask = 2147483647;
			files = (
				9316387523934DC40096A9C0 /* ViewController+UIPickerViewDelegate.swift in Sources */,
				93BA14E5238237A4001ECE7A /* ViewController.swift in Sources */,
				93BA14E1238237A4001ECE7A /* AppDelegate.swift in Sources */,
				9316387723934DD40096A9C0 /* ViewController+UIPickerViewDataSource.swift in Sources */,
				93BA14E3238237A4001ECE7A /* SceneDelegate.swift in Sources */,
			);
			runOnlyForDeploymentPostprocessing = 0;
		};
/* End PBXSourcesBuildPhase section */

/* Begin PBXVariantGroup section */
		93BA14E6238237A4001ECE7A /* Main.storyboard */ = {
			isa = PBXVariantGroup;
			children = (
				93BA14E7238237A4001ECE7A /* Base */,
			);
			name = Main.storyboard;
			sourceTree = "<group>";
		};
		93BA14EB238237A5001ECE7A /* LaunchScreen.storyboard */ = {
			isa = PBXVariantGroup;
			children = (
				93BA14EC238237A5001ECE7A /* Base */,
			);
			name = LaunchScreen.storyboard;
			sourceTree = "<group>";
		};
/* End PBXVariantGroup section */

/* Begin XCBuildConfiguration section */
		93BA14EF238237A5001ECE7A /* Debug */ = {
			isa = XCBuildConfiguration;
			buildSettings = {
				ALWAYS_SEARCH_USER_PATHS = NO;
				CLANG_ANALYZER_NONNULL = YES;
				CLANG_ANALYZER_NUMBER_OBJECT_CONVERSION = YES_AGGRESSIVE;
				CLANG_CXX_LANGUAGE_STANDARD = "gnu++14";
				CLANG_CXX_LIBRARY = "libc++";
				CLANG_ENABLE_MODULES = YES;
				CLANG_ENABLE_OBJC_ARC = YES;
				CLANG_ENABLE_OBJC_WEAK = YES;
				CLANG_WARN_BLOCK_CAPTURE_AUTORELEASING = YES;
				CLANG_WARN_BOOL_CONVERSION = YES;
				CLANG_WARN_COMMA = YES;
				CLANG_WARN_CONSTANT_CONVERSION = YES;
				CLANG_WARN_DEPRECATED_OBJC_IMPLEMENTATIONS = YES;
				CLANG_WARN_DIRECT_OBJC_ISA_USAGE = YES_ERROR;
				CLANG_WARN_DOCUMENTATION_COMMENTS = YES;
				CLANG_WARN_EMPTY_BODY = YES;
				CLANG_WARN_ENUM_CONVERSION = YES;
				CLANG_WARN_INFINITE_RECURSION = YES;
				CLANG_WARN_INT_CONVERSION = YES;
				CLANG_WARN_NON_LITERAL_NULL_CONVERSION = YES;
				CLANG_WARN_OBJC_IMPLICIT_RETAIN_SELF = YES;
				CLANG_WARN_OBJC_LITERAL_CONVERSION = YES;
				CLANG_WARN_OBJC_ROOT_CLASS = YES_ERROR;
				CLANG_WARN_RANGE_LOOP_ANALYSIS = YES;
				CLANG_WARN_STRICT_PROTOTYPES = YES;
				CLANG_WARN_SUSPICIOUS_MOVE = YES;
				CLANG_WARN_UNGUARDED_AVAILABILITY = YES_AGGRESSIVE;
				CLANG_WARN_UNREACHABLE_CODE = YES;
				CLANG_WARN__DUPLICATE_METHOD_MATCH = YES;
				COPY_PHASE_STRIP = NO;
				DEBUG_INFORMATION_FORMAT = dwarf;
				ENABLE_STRICT_OBJC_MSGSEND = YES;
				ENABLE_TESTABILITY = YES;
				GCC_C_LANGUAGE_STANDARD = gnu11;
				GCC_DYNAMIC_NO_PIC = NO;
				GCC_NO_COMMON_BLOCKS = YES;
				GCC_OPTIMIZATION_LEVEL = 0;
				GCC_PREPROCESSOR_DEFINITIONS = (
					"DEBUG=1",
					"$(inherited)",
				);
				GCC_WARN_64_TO_32_BIT_CONVERSION = YES;
				GCC_WARN_ABOUT_RETURN_TYPE = YES_ERROR;
				GCC_WARN_UNDECLARED_SELECTOR = YES;
				GCC_WARN_UNINITIALIZED_AUTOS = YES_AGGRESSIVE;
				GCC_WARN_UNUSED_FUNCTION = YES;
				GCC_WARN_UNUSED_VARIABLE = YES;
				IPHONEOS_DEPLOYMENT_TARGET = 13.2;
				MTL_ENABLE_DEBUG_INFO = INCLUDE_SOURCE;
				MTL_FAST_MATH = YES;
				ONLY_ACTIVE_ARCH = YES;
				SDKROOT = iphoneos;
				SWIFT_ACTIVE_COMPILATION_CONDITIONS = DEBUG;
				SWIFT_OPTIMIZATION_LEVEL = "-Onone";
			};
			name = Debug;
		};
		93BA14F0238237A5001ECE7A /* Release */ = {
			isa = XCBuildConfiguration;
			buildSettings = {
				ALWAYS_SEARCH_USER_PATHS = NO;
				CLANG_ANALYZER_NONNULL = YES;
				CLANG_ANALYZER_NUMBER_OBJECT_CONVERSION = YES_AGGRESSIVE;
				CLANG_CXX_LANGUAGE_STANDARD = "gnu++14";
				CLANG_CXX_LIBRARY = "libc++";
				CLANG_ENABLE_MODULES = YES;
				CLANG_ENABLE_OBJC_ARC = YES;
				CLANG_ENABLE_OBJC_WEAK = YES;
				CLANG_WARN_BLOCK_CAPTURE_AUTORELEASING = YES;
				CLANG_WARN_BOOL_CONVERSION = YES;
				CLANG_WARN_COMMA = YES;
				CLANG_WARN_CONSTANT_CONVERSION = YES;
				CLANG_WARN_DEPRECATED_OBJC_IMPLEMENTATIONS = YES;
				CLANG_WARN_DIRECT_OBJC_ISA_USAGE = YES_ERROR;
				CLANG_WARN_DOCUMENTATION_COMMENTS = YES;
				CLANG_WARN_EMPTY_BODY = YES;
				CLANG_WARN_ENUM_CONVERSION = YES;
				CLANG_WARN_INFINITE_RECURSION = YES;
				CLANG_WARN_INT_CONVERSION = YES;
				CLANG_WARN_NON_LITERAL_NULL_CONVERSION = YES;
				CLANG_WARN_OBJC_IMPLICIT_RETAIN_SELF = YES;
				CLANG_WARN_OBJC_LITERAL_CONVERSION = YES;
				CLANG_WARN_OBJC_ROOT_CLASS = YES_ERROR;
				CLANG_WARN_RANGE_LOOP_ANALYSIS = YES;
				CLANG_WARN_STRICT_PROTOTYPES = YES;
				CLANG_WARN_SUSPICIOUS_MOVE = YES;
				CLANG_WARN_UNGUARDED_AVAILABILITY = YES_AGGRESSIVE;
				CLANG_WARN_UNREACHABLE_CODE = YES;
				CLANG_WARN__DUPLICATE_METHOD_MATCH = YES;
				COPY_PHASE_STRIP = NO;
				DEBUG_INFORMATION_FORMAT = "dwarf-with-dsym";
				ENABLE_NS_ASSERTIONS = NO;
				ENABLE_STRICT_OBJC_MSGSEND = YES;
				GCC_C_LANGUAGE_STANDARD = gnu11;
				GCC_NO_COMMON_BLOCKS = YES;
				GCC_WARN_64_TO_32_BIT_CONVERSION = YES;
				GCC_WARN_ABOUT_RETURN_TYPE = YES_ERROR;
				GCC_WARN_UNDECLARED_SELECTOR = YES;
				GCC_WARN_UNINITIALIZED_AUTOS = YES_AGGRESSIVE;
				GCC_WARN_UNUSED_FUNCTION = YES;
				GCC_WARN_UNUSED_VARIABLE = YES;
				IPHONEOS_DEPLOYMENT_TARGET = 13.2;
				MTL_ENABLE_DEBUG_INFO = NO;
				MTL_FAST_MATH = YES;
				SDKROOT = iphoneos;
				SWIFT_COMPILATION_MODE = wholemodule;
				SWIFT_OPTIMIZATION_LEVEL = "-O";
				VALIDATE_PRODUCT = YES;
			};
			name = Release;
		};
		93BA14F2238237A5001ECE7A /* Debug */ = {
			isa = XCBuildConfiguration;
			buildSettings = {
				ASSETCATALOG_COMPILER_APPICON_NAME = AppIcon;
				CODE_SIGN_STYLE = Automatic;
				DEVELOPMENT_TEAM = CJ8229TM69;
				INFOPLIST_FILE = UIPickerViewTutorial/Info.plist;
				LD_RUNPATH_SEARCH_PATHS = (
					"$(inherited)",
					"@executable_path/Frameworks",
				);
				PRODUCT_BUNDLE_IDENTIFIER = tests.UIPickerViewTutorial;
				PRODUCT_NAME = "$(TARGET_NAME)";
				SWIFT_VERSION = 5.0;
				TARGETED_DEVICE_FAMILY = "1,2";
			};
			name = Debug;
		};
		93BA14F3238237A5001ECE7A /* Release */ = {
			isa = XCBuildConfiguration;
			buildSettings = {
				ASSETCATALOG_COMPILER_APPICON_NAME = AppIcon;
				CODE_SIGN_STYLE = Automatic;
				DEVELOPMENT_TEAM = CJ8229TM69;
				INFOPLIST_FILE = UIPickerViewTutorial/Info.plist;
				LD_RUNPATH_SEARCH_PATHS = (
					"$(inherited)",
					"@executable_path/Frameworks",
				);
				PRODUCT_BUNDLE_IDENTIFIER = tests.UIPickerViewTutorial;
				PRODUCT_NAME = "$(TARGET_NAME)";
				SWIFT_VERSION = 5.0;
				TARGETED_DEVICE_FAMILY = "1,2";
			};
			name = Release;
		};
/* End XCBuildConfiguration section */

/* Begin XCConfigurationList section */
		93BA14D8238237A4001ECE7A /* Build configuration list for PBXProject "UIPickerViewTutorial" */ = {
			isa = XCConfigurationList;
			buildConfigurations = (
				93BA14EF238237A5001ECE7A /* Debug */,
				93BA14F0238237A5001ECE7A /* Release */,
			);
			defaultConfigurationIsVisible = 0;
			defaultConfigurationName = Release;
		};
		93BA14F1238237A5001ECE7A /* Build configuration list for PBXNativeTarget "UIPickerViewTutorial" */ = {
			isa = XCConfigurationList;
			buildConfigurations = (
				93BA14F2238237A5001ECE7A /* Debug */,
				93BA14F3238237A5001ECE7A /* Release */,
			);
			defaultConfigurationIsVisible = 0;
			defaultConfigurationName = Release;
		};
/* End XCConfigurationList section */
	};
	rootObject = 93BA14D5238237A4001ECE7A /* Project object */;
}
